
Microsoft Visual Studio Solution File, Format Version 12.00
# Visual Studio 14
VisualStudioVersion = 14.0.24720.0
MinimumVisualStudioVersion = 10.0.40219.1
Project("{FAE04EC0-301F-11D3-BF4B-00C04F79EFBC}") = "TimeAttendanceApp", "TimeAttendanceApp\TimeAttendanceApp.csproj", "{1ADAD4CF-ED34-4563-A9A9-754D61ED3633}"
EndProject
Project("{FAE04EC0-301F-11D3-BF4B-00C04F79EFBC}") = "FingerprintEnrollment", "FingerprintEnrollment\FingerprintEnrollment.csproj", "{FD8FBB64-07ED-4DE5-AFF0-5066FFE57617}"
EndProject
Project("{FAE04EC0-301F-11D3-BF4B-00C04F79EFBC}") = "BiometricService", "BiometricService\BiometricService.csproj", "{62384949-64D6-4C23-8122-466D73877DC5}"
EndProject
Global
	GlobalSection(SolutionConfigurationPlatforms) = preSolution
		Debug|Any CPU = Debug|Any CPU
		Release|Any CPU = Release|Any CPU
	EndGlobalSection
	GlobalSection(ProjectConfigurationPlatforms) = postSolution
		{1ADAD4CF-ED34-4563-A9A9-754D61ED3633}.Debug|Any CPU.ActiveCfg = Debug|Any CPU
		{1ADAD4CF-ED34-4563-A9A9-754D61ED3633}.Debug|Any CPU.Build.0 = Debug|Any CPU
		{1ADAD4CF-ED34-4563-A9A9-754D61ED3633}.Release|Any CPU.ActiveCfg = Release|Any CPU
		{1ADAD4CF-ED34-4563-A9A9-754D61ED3633}.Release|Any CPU.Build.0 = Release|Any CPU
		{FD8FBB64-07ED-4DE5-AFF0-5066FFE57617}.Debug|Any CPU.ActiveCfg = Debug|Any CPU
		{FD8FBB64-07ED-4DE5-AFF0-5066FFE57617}.Debug|Any CPU.Build.0 = Debug|Any CPU
		{FD8FBB64-07ED-4DE5-AFF0-5066FFE57617}.Release|Any CPU.ActiveCfg = Release|Any CPU
		{FD8FBB64-07ED-4DE5-AFF0-5066FFE57617}.Release|Any CPU.Build.0 = Release|Any CPU
		{62384949-64D6-4C23-8122-466D73877DC5}.Debug|Any CPU.ActiveCfg = Debug|Any CPU
		{62384949-64D6-4C23-8122-466D73877DC5}.Debug|Any CPU.Build.0 = Debug|Any CPU
		{62384949-64D6-4C23-8122-466D73877DC5}.Release|Any CPU.ActiveCfg = Release|Any CPU
		{62384949-64D6-4C23-8122-466D73877DC5}.Release|Any CPU.Build.0 = Release|Any CPU
	EndGlobalSection
	GlobalSection(SolutionProperties) = preSolution
		HideSolutionNode = FALSE
	EndGlobalSection
EndGlobal
